
Microsoft Visual Studio Solution File, Format Version 12.00
# Visual Studio 15
Project("{FAE04EC0-301F-11D3-BF4B-00C04F79EFBC}") = "gtkproject", "gtkproject\gtkproject.csproj", "{C749579C-DA6F-4EBE-AFBC-A56B3F027ECE}"
EndProject
Global
	GlobalSection(SolutionConfigurationPlatforms) = preSolution
		Debug|Any CPU = Debug|Any CPU
		Release|Any CPU = Release|Any CPU
		Debug|x86 = Debug|x86
		Release|x86 = Release|x86
	EndGlobalSection
	GlobalSection(ProjectConfigurationPlatforms) = postSolution
		{C749579C-DA6F-4EBE-AFBC-A56B3F027ECE}.Debug|Any CPU.ActiveCfg = Debug|Any CPU
		{C749579C-DA6F-4EBE-AFBC-A56B3F027ECE}.Debug|Any CPU.Build.0 = Debug|Any CPU
		{C749579C-DA6F-4EBE-AFBC-A56B3F027ECE}.Release|Any CPU.ActiveCfg = Release|Any CPU
		{C749579C-DA6F-4EBE-AFBC-A56B3F027ECE}.Release|Any CPU.Build.0 = Release|Any CPU
		{C749579C-DA6F-4EBE-AFBC-A56B3F027ECE}.Debug|x86.ActiveCfg = Debug|Any CPU
		{C749579C-DA6F-4EBE-AFBC-A56B3F027ECE}.Debug|x86.Build.0 = Debug|Any CPU
		{C749579C-DA6F-4EBE-AFBC-A56B3F027ECE}.Release|x86.ActiveCfg = Release|Any CPU
		{C749579C-DA6F-4EBE-AFBC-A56B3F027ECE}.Release|x86.Build.0 = Release|Any CPU
	EndGlobalSection
EndGlobal
